
Microsoft Visual Studio Solution File, Format Version 12.00
# Visual Studio Version 17
VisualStudioVersion = 17.7.34202.233
MinimumVisualStudioVersion = 10.0.40219.1
Project("{2150E333-8FDC-42A3-9474-1A3956D46DE8}") = "src", "src", "{25D4C66E-2173-478D-ABBE-0E9FC0E93B57}"
EndProject
Project("{2150E333-8FDC-42A3-9474-1A3956D46DE8}") = "tools", "tools", "{0DA449A1-F73F-4304-9476-28D6E4645AD3}"
EndProject
Project("{2150E333-8FDC-42A3-9474-1A3956D46DE8}") = "test", "test", "{9CC280C1-FD54-49C4-BE02-607A09B684BD}"
EndProject
Project("{9A19103F-16F7-4668-BE54-9A1E7A4F7556}") = "Test1", "test\Test1\Test1.csproj", "{5BD95B81-6EC1-436E-8BD0-19822691FDDC}"
EndProject
Project("{9A19103F-16F7-4668-BE54-9A1E7A4F7556}") = "FlowMaker.SourceGenerator", "tools\FlowMaker.SourceGenerator\FlowMaker.SourceGenerator.csproj", "{D98CF7DA-53D5-4B5D-9F33-5E79A488B881}"
EndProject
Project("{2150E333-8FDC-42A3-9474-1A3956D46DE8}") = "UI", "UI", "{A7E4C2F0-AF31-49AE-A74C-8F9B58CFF636}"
EndProject
Project("{9A19103F-16F7-4668-BE54-9A1E7A4F7556}") = "FlowMaker", "src\FlowMaker\FlowMaker.csproj", "{BBF19484-3D20-44EC-A1DB-96B5FA290DBE}"
EndProject
Project("{9A19103F-16F7-4668-BE54-9A1E7A4F7556}") = "Test1.UI", "test\Test1.UI\Test1.UI.csproj", "{75C6979E-557B-42B8-BB84-BE920175D8B0}"
EndProject
Project("{9A19103F-16F7-4668-BE54-9A1E7A4F7556}") = "Ty.UIBase", "src\UI\Ty.UIBase\Ty.UIBase.csproj", "{594D99EE-ECA1-4719-A98F-9A9436301BE8}"
EndProject
Project("{9A19103F-16F7-4668-BE54-9A1E7A4F7556}") = "Ty.WPFBase", "src\UI\Ty.WPFBase\Ty.WPFBase.csproj", "{2202A8F8-7221-4000-A625-8001A3F70544}"
EndProject
Project("{FAE04EC0-301F-11D3-BF4B-00C04F79EFBC}") = "FlowMaker.UIBase", "src\UI\FlowMaker.UIBase\FlowMaker.UIBase.csproj", "{30144EE5-C681-4AFE-B227-8D862838B12A}"
EndProject
Project("{FAE04EC0-301F-11D3-BF4B-00C04F79EFBC}") = "FlowMaker.WPFBase", "src\UI\FlowMaker.WPFBase\FlowMaker.WPFBase.csproj", "{E4FC31D6-31B9-4969-9153-8D64B781F174}"
EndProject
Global
	GlobalSection(SolutionConfigurationPlatforms) = preSolution
		Debug|Any CPU = Debug|Any CPU
		Release|Any CPU = Release|Any CPU
	EndGlobalSection
	GlobalSection(ProjectConfigurationPlatforms) = postSolution
		{5BD95B81-6EC1-436E-8BD0-19822691FDDC}.Debug|Any CPU.ActiveCfg = Debug|Any CPU
		{5BD95B81-6EC1-436E-8BD0-19822691FDDC}.Debug|Any CPU.Build.0 = Debug|Any CPU
		{5BD95B81-6EC1-436E-8BD0-19822691FDDC}.Release|Any CPU.ActiveCfg = Release|Any CPU
		{5BD95B81-6EC1-436E-8BD0-19822691FDDC}.Release|Any CPU.Build.0 = Release|Any CPU
		{D98CF7DA-53D5-4B5D-9F33-5E79A488B881}.Debug|Any CPU.ActiveCfg = Debug|Any CPU
		{D98CF7DA-53D5-4B5D-9F33-5E79A488B881}.Debug|Any CPU.Build.0 = Debug|Any CPU
		{D98CF7DA-53D5-4B5D-9F33-5E79A488B881}.Release|Any CPU.ActiveCfg = Release|Any CPU
		{D98CF7DA-53D5-4B5D-9F33-5E79A488B881}.Release|Any CPU.Build.0 = Release|Any CPU
		{BBF19484-3D20-44EC-A1DB-96B5FA290DBE}.Debug|Any CPU.ActiveCfg = Debug|Any CPU
		{BBF19484-3D20-44EC-A1DB-96B5FA290DBE}.Debug|Any CPU.Build.0 = Debug|Any CPU
		{BBF19484-3D20-44EC-A1DB-96B5FA290DBE}.Release|Any CPU.ActiveCfg = Release|Any CPU
		{BBF19484-3D20-44EC-A1DB-96B5FA290DBE}.Release|Any CPU.Build.0 = Release|Any CPU
		{75C6979E-557B-42B8-BB84-BE920175D8B0}.Debug|Any CPU.ActiveCfg = Debug|Any CPU
		{75C6979E-557B-42B8-BB84-BE920175D8B0}.Debug|Any CPU.Build.0 = Debug|Any CPU
		{75C6979E-557B-42B8-BB84-BE920175D8B0}.Release|Any CPU.ActiveCfg = Release|Any CPU
		{75C6979E-557B-42B8-BB84-BE920175D8B0}.Release|Any CPU.Build.0 = Release|Any CPU
		{594D99EE-ECA1-4719-A98F-9A9436301BE8}.Debug|Any CPU.ActiveCfg = Debug|Any CPU
		{594D99EE-ECA1-4719-A98F-9A9436301BE8}.Debug|Any CPU.Build.0 = Debug|Any CPU
		{594D99EE-ECA1-4719-A98F-9A9436301BE8}.Release|Any CPU.ActiveCfg = Release|Any CPU
		{594D99EE-ECA1-4719-A98F-9A9436301BE8}.Release|Any CPU.Build.0 = Release|Any CPU
		{2202A8F8-7221-4000-A625-8001A3F70544}.Debug|Any CPU.ActiveCfg = Debug|Any CPU
		{2202A8F8-7221-4000-A625-8001A3F70544}.Debug|Any CPU.Build.0 = Debug|Any CPU
		{2202A8F8-7221-4000-A625-8001A3F70544}.Release|Any CPU.ActiveCfg = Release|Any CPU
		{2202A8F8-7221-4000-A625-8001A3F70544}.Release|Any CPU.Build.0 = Release|Any CPU
		{30144EE5-C681-4AFE-B227-8D862838B12A}.Debug|Any CPU.ActiveCfg = Debug|Any CPU
		{30144EE5-C681-4AFE-B227-8D862838B12A}.Debug|Any CPU.Build.0 = Debug|Any CPU
		{30144EE5-C681-4AFE-B227-8D862838B12A}.Release|Any CPU.ActiveCfg = Release|Any CPU
		{30144EE5-C681-4AFE-B227-8D862838B12A}.Release|Any CPU.Build.0 = Release|Any CPU
		{E4FC31D6-31B9-4969-9153-8D64B781F174}.Debug|Any CPU.ActiveCfg = Debug|Any CPU
		{E4FC31D6-31B9-4969-9153-8D64B781F174}.Debug|Any CPU.Build.0 = Debug|Any CPU
		{E4FC31D6-31B9-4969-9153-8D64B781F174}.Release|Any CPU.ActiveCfg = Release|Any CPU
		{E4FC31D6-31B9-4969-9153-8D64B781F174}.Release|Any CPU.Build.0 = Release|Any CPU
	EndGlobalSection
	GlobalSection(SolutionProperties) = preSolution
		HideSolutionNode = FALSE
	EndGlobalSection
	GlobalSection(NestedProjects) = preSolution
		{5BD95B81-6EC1-436E-8BD0-19822691FDDC} = {9CC280C1-FD54-49C4-BE02-607A09B684BD}
		{D98CF7DA-53D5-4B5D-9F33-5E79A488B881} = {0DA449A1-F73F-4304-9476-28D6E4645AD3}
		{A7E4C2F0-AF31-49AE-A74C-8F9B58CFF636} = {25D4C66E-2173-478D-ABBE-0E9FC0E93B57}
		{BBF19484-3D20-44EC-A1DB-96B5FA290DBE} = {25D4C66E-2173-478D-ABBE-0E9FC0E93B57}
		{75C6979E-557B-42B8-BB84-BE920175D8B0} = {9CC280C1-FD54-49C4-BE02-607A09B684BD}
		{594D99EE-ECA1-4719-A98F-9A9436301BE8} = {A7E4C2F0-AF31-49AE-A74C-8F9B58CFF636}
		{2202A8F8-7221-4000-A625-8001A3F70544} = {A7E4C2F0-AF31-49AE-A74C-8F9B58CFF636}
		{30144EE5-C681-4AFE-B227-8D862838B12A} = {A7E4C2F0-AF31-49AE-A74C-8F9B58CFF636}
		{E4FC31D6-31B9-4969-9153-8D64B781F174} = {A7E4C2F0-AF31-49AE-A74C-8F9B58CFF636}
	EndGlobalSection
	GlobalSection(ExtensibilityGlobals) = postSolution
		SolutionGuid = {FEB44B6F-4720-4F06-A598-10C1D50EA1D9}
	EndGlobalSection
EndGlobal
